
Microsoft Visual Studio Solution File, Format Version 12.00
# Visual Studio 15
VisualStudioVersion = 15.0.26730.16
MinimumVisualStudioVersion = 10.0.40219.1
Project("{2150E333-8FDC-42A3-9474-1A3956D46DE8}") = "XUnit", "XUnit", "{6A292BE2-ABD0-4A5C-BFB2-C662A8E70EDC}"
EndProject
Project("{9A19103F-16F7-4668-BE54-9A1E7A4F7556}") = "Murtain", "src\Murtain\Murtain.csproj", "{EE0A668D-ACF1-4E32-BA55-638F8F02972F}"
EndProject
Project("{9A19103F-16F7-4668-BE54-9A1E7A4F7556}") = "Murtain.AutoMapper", "src\Murtain.AutoMapper\Murtain.AutoMapper.csproj", "{3789CC1D-1572-4456-B7A7-CEE20966AFE3}"
EndProject
Project("{9A19103F-16F7-4668-BE54-9A1E7A4F7556}") = "Murtain.EntityFramework", "src\Murtain.EntityFramework\Murtain.EntityFramework.csproj", "{F241652F-790D-4B32-8D5C-D5A6A582D080}"
EndProject
Project("{9A19103F-16F7-4668-BE54-9A1E7A4F7556}") = "XUnit.Murtain", "test\XUnit.Murtain\XUnit.Murtain.csproj", "{B7A4F61E-D6E4-43E1-AA26-81F9A7E9666B}"
EndProject
Project("{2150E333-8FDC-42A3-9474-1A3956D46DE8}") = "Murtain.OAuth2", "Murtain.OAuth2", "{EB98038F-A1BB-4C56-8A41-A78B02FF8C93}"
EndProject
Project("{9A19103F-16F7-4668-BE54-9A1E7A4F7556}") = "Murtain.OAuth2.ApplicationService", "..\Murtain.OAuth2\Murtain.OAuth2\Murtain.OAuth2.ApplicationService\Murtain.OAuth2.ApplicationService.csproj", "{35208702-6A9A-4235-9330-D9F5C7E6764D}"
EndProject
Project("{9A19103F-16F7-4668-BE54-9A1E7A4F7556}") = "Murtain.OAuth2.Core", "..\Murtain.OAuth2\Murtain.OAuth2\Murtain.OAuth2.Core\Murtain.OAuth2.Core.csproj", "{C91EEBBA-4A16-4E86-90D6-8E417BA4109A}"
EndProject
Project("{9A19103F-16F7-4668-BE54-9A1E7A4F7556}") = "Murtain.OAuth2.Domain", "..\Murtain.OAuth2\Murtain.OAuth2\Murtain.OAuth2.Domain\Murtain.OAuth2.Domain.csproj", "{31F41611-8161-4BDE-96A1-ED7DF910E248}"
EndProject
Project("{9A19103F-16F7-4668-BE54-9A1E7A4F7556}") = "Murtain.OAuth2.Infrastructure", "..\Murtain.OAuth2\Murtain.OAuth2\Murtain.OAuth2.Infrastructure\Murtain.OAuth2.Infrastructure.csproj", "{CDDD759F-3F72-42F4-A18B-459836CFABAE}"
EndProject
Project("{9A19103F-16F7-4668-BE54-9A1E7A4F7556}") = "Murtain.OAuth2.SDK", "..\Murtain.OAuth2\Murtain.OAuth2\Murtain.OAuth2.SDK\Murtain.OAuth2.SDK.csproj", "{73940300-5BF0-4D8C-845F-E84DFF67B054}"
EndProject
Project("{9A19103F-16F7-4668-BE54-9A1E7A4F7556}") = "Murtain.OAuth2", "..\Murtain.OAuth2\Murtain.OAuth2\Murtain.OAuth2\Murtain.OAuth2.csproj", "{80F953D6-9C79-43CD-97FC-164F204DB27E}"
EndProject
Global
	GlobalSection(SolutionConfigurationPlatforms) = preSolution
		Debug|Any CPU = Debug|Any CPU
		Release|Any CPU = Release|Any CPU
	EndGlobalSection
	GlobalSection(ProjectConfigurationPlatforms) = postSolution
		{EE0A668D-ACF1-4E32-BA55-638F8F02972F}.Debug|Any CPU.ActiveCfg = Debug|Any CPU
		{EE0A668D-ACF1-4E32-BA55-638F8F02972F}.Debug|Any CPU.Build.0 = Debug|Any CPU
		{EE0A668D-ACF1-4E32-BA55-638F8F02972F}.Release|Any CPU.ActiveCfg = Release|Any CPU
		{EE0A668D-ACF1-4E32-BA55-638F8F02972F}.Release|Any CPU.Build.0 = Release|Any CPU
		{3789CC1D-1572-4456-B7A7-CEE20966AFE3}.Debug|Any CPU.ActiveCfg = Debug|Any CPU
		{3789CC1D-1572-4456-B7A7-CEE20966AFE3}.Debug|Any CPU.Build.0 = Debug|Any CPU
		{3789CC1D-1572-4456-B7A7-CEE20966AFE3}.Release|Any CPU.ActiveCfg = Release|Any CPU
		{3789CC1D-1572-4456-B7A7-CEE20966AFE3}.Release|Any CPU.Build.0 = Release|Any CPU
		{F241652F-790D-4B32-8D5C-D5A6A582D080}.Debug|Any CPU.ActiveCfg = Debug|Any CPU
		{F241652F-790D-4B32-8D5C-D5A6A582D080}.Debug|Any CPU.Build.0 = Debug|Any CPU
		{F241652F-790D-4B32-8D5C-D5A6A582D080}.Release|Any CPU.ActiveCfg = Release|Any CPU
		{F241652F-790D-4B32-8D5C-D5A6A582D080}.Release|Any CPU.Build.0 = Release|Any CPU
		{B7A4F61E-D6E4-43E1-AA26-81F9A7E9666B}.Debug|Any CPU.ActiveCfg = Debug|Any CPU
		{B7A4F61E-D6E4-43E1-AA26-81F9A7E9666B}.Debug|Any CPU.Build.0 = Debug|Any CPU
		{B7A4F61E-D6E4-43E1-AA26-81F9A7E9666B}.Release|Any CPU.ActiveCfg = Release|Any CPU
		{B7A4F61E-D6E4-43E1-AA26-81F9A7E9666B}.Release|Any CPU.Build.0 = Release|Any CPU
		{35208702-6A9A-4235-9330-D9F5C7E6764D}.Debug|Any CPU.ActiveCfg = Debug|Any CPU
		{35208702-6A9A-4235-9330-D9F5C7E6764D}.Debug|Any CPU.Build.0 = Debug|Any CPU
		{35208702-6A9A-4235-9330-D9F5C7E6764D}.Release|Any CPU.ActiveCfg = Release|Any CPU
		{35208702-6A9A-4235-9330-D9F5C7E6764D}.Release|Any CPU.Build.0 = Release|Any CPU
		{C91EEBBA-4A16-4E86-90D6-8E417BA4109A}.Debug|Any CPU.ActiveCfg = Debug|Any CPU
		{C91EEBBA-4A16-4E86-90D6-8E417BA4109A}.Debug|Any CPU.Build.0 = Debug|Any CPU
		{C91EEBBA-4A16-4E86-90D6-8E417BA4109A}.Release|Any CPU.ActiveCfg = Release|Any CPU
		{C91EEBBA-4A16-4E86-90D6-8E417BA4109A}.Release|Any CPU.Build.0 = Release|Any CPU
		{31F41611-8161-4BDE-96A1-ED7DF910E248}.Debug|Any CPU.ActiveCfg = Debug|Any CPU
		{31F41611-8161-4BDE-96A1-ED7DF910E248}.Debug|Any CPU.Build.0 = Debug|Any CPU
		{31F41611-8161-4BDE-96A1-ED7DF910E248}.Release|Any CPU.ActiveCfg = Release|Any CPU
		{31F41611-8161-4BDE-96A1-ED7DF910E248}.Release|Any CPU.Build.0 = Release|Any CPU
		{CDDD759F-3F72-42F4-A18B-459836CFABAE}.Debug|Any CPU.ActiveCfg = Debug|Any CPU
		{CDDD759F-3F72-42F4-A18B-459836CFABAE}.Debug|Any CPU.Build.0 = Debug|Any CPU
		{CDDD759F-3F72-42F4-A18B-459836CFABAE}.Release|Any CPU.ActiveCfg = Release|Any CPU
		{CDDD759F-3F72-42F4-A18B-459836CFABAE}.Release|Any CPU.Build.0 = Release|Any CPU
		{73940300-5BF0-4D8C-845F-E84DFF67B054}.Debug|Any CPU.ActiveCfg = Debug|Any CPU
		{73940300-5BF0-4D8C-845F-E84DFF67B054}.Debug|Any CPU.Build.0 = Debug|Any CPU
		{73940300-5BF0-4D8C-845F-E84DFF67B054}.Release|Any CPU.ActiveCfg = Release|Any CPU
		{73940300-5BF0-4D8C-845F-E84DFF67B054}.Release|Any CPU.Build.0 = Release|Any CPU
		{80F953D6-9C79-43CD-97FC-164F204DB27E}.Debug|Any CPU.ActiveCfg = Debug|Any CPU
		{80F953D6-9C79-43CD-97FC-164F204DB27E}.Debug|Any CPU.Build.0 = Debug|Any CPU
		{80F953D6-9C79-43CD-97FC-164F204DB27E}.Release|Any CPU.ActiveCfg = Release|Any CPU
		{80F953D6-9C79-43CD-97FC-164F204DB27E}.Release|Any CPU.Build.0 = Release|Any CPU
	EndGlobalSection
	GlobalSection(SolutionProperties) = preSolution
		HideSolutionNode = FALSE
	EndGlobalSection
	GlobalSection(NestedProjects) = preSolution
		{B7A4F61E-D6E4-43E1-AA26-81F9A7E9666B} = {6A292BE2-ABD0-4A5C-BFB2-C662A8E70EDC}
		{35208702-6A9A-4235-9330-D9F5C7E6764D} = {EB98038F-A1BB-4C56-8A41-A78B02FF8C93}
		{C91EEBBA-4A16-4E86-90D6-8E417BA4109A} = {EB98038F-A1BB-4C56-8A41-A78B02FF8C93}
		{31F41611-8161-4BDE-96A1-ED7DF910E248} = {EB98038F-A1BB-4C56-8A41-A78B02FF8C93}
		{CDDD759F-3F72-42F4-A18B-459836CFABAE} = {EB98038F-A1BB-4C56-8A41-A78B02FF8C93}
		{73940300-5BF0-4D8C-845F-E84DFF67B054} = {EB98038F-A1BB-4C56-8A41-A78B02FF8C93}
		{80F953D6-9C79-43CD-97FC-164F204DB27E} = {EB98038F-A1BB-4C56-8A41-A78B02FF8C93}
	EndGlobalSection
	GlobalSection(ExtensibilityGlobals) = postSolution
		SolutionGuid = {94047328-5F95-4078-82B5-1B22DBC505B8}
	EndGlobalSection
EndGlobal
